
Microsoft Visual Studio Solution File, Format Version 12.00
# Visual Studio Version 16
VisualStudioVersion = 16.0.30804.86
MinimumVisualStudioVersion = 10.0.40219.1
Project("{FAE04EC0-301F-11D3-BF4B-00C04F79EFBC}") = "CarWorkshop", "CarWorkshop.csproj", "{526F7167-AE47-45BD-8B2C-5A7C99C0C04B}"
EndProject
Global
	GlobalSection(SolutionConfigurationPlatforms) = preSolution
		Debug|Any CPU = Debug|Any CPU
		Release|Any CPU = Release|Any CPU
	EndGlobalSection
	GlobalSection(ProjectConfigurationPlatforms) = postSolution
		{526F7167-AE47-45BD-8B2C-5A7C99C0C04B}.Debug|Any CPU.ActiveCfg = Debug|Any CPU
		{526F7167-AE47-45BD-8B2C-5A7C99C0C04B}.Debug|Any CPU.Build.0 = Debug|Any CPU
		{526F7167-AE47-45BD-8B2C-5A7C99C0C04B}.Release|Any CPU.ActiveCfg = Release|Any CPU
		{526F7167-AE47-45BD-8B2C-5A7C99C0C04B}.Release|Any CPU.Build.0 = Release|Any CPU
	EndGlobalSection
	GlobalSection(SolutionProperties) = preSolution
		HideSolutionNode = FALSE
	EndGlobalSection
	GlobalSection(ExtensibilityGlobals) = postSolution
		SolutionGuid = {3EDC4954-A1D9-4676-BD67-D59ECAE54FC9}
	EndGlobalSection
EndGlobal
